[[package]]
name = "asgiref"
version = "3.5.1"
description = "ASGI specs, helper code, and adapters"
category = "main"
optional = false
python-versions = ">=3.7"

[package.extras]
tests = ["pytest", "pytest-asyncio", "mypy (>=0.800)"]

[[package]]
name = "django"
version = "3.2.13"
description = "A high-level Python Web framework that encourages rapid development and clean, pragmatic design."
category = "main"
optional = false
python-versions = ">=3.6"

[package.dependencies]
asgiref = ">=3.3.2,<4"
pytz = "*"
sqlparse = ">=0.2.2"

[package.extras]
argon2 = ["argon2-cffi (>=19.1.0)"]
bcrypt = ["bcrypt"]

[[package]]
name = "fantasy-football-auction"
version = "0.9.97"
description = "Python library simulating a fantasy football auction. Intended to be used for AI, but you should be able to use this for other purposes as well. This task assumes that each draftable player has a specific value (for example, looking at the ratings from FantasyPros)."
category = "main"
optional = false
python-versions = ">=3.6"

[[package]]
name = "mindpowered-englishauction"
version = "0.0.64"
description = "Online auctions with ascending price and time limit"
category = "main"
optional = false
python-versions = "*"

[package.dependencies]
mindpowered-maglev = "*"

[[package]]
name = "mindpowered-maglev"
version = "0.7.21"
description = "Internal Communication Bus"
category = "main"
optional = false
python-versions = "*"

[[package]]
name = "pytz"
version = "2022.1"
description = "World timezone definitions, modern and historical"
category = "main"
optional = false
python-versions = "*"

[[package]]
name = "sqlparse"
version = "0.4.2"
description = "A non-validating SQL parser."
category = "main"
optional = false
python-versions = ">=3.5"

[metadata]
lock-version = "1.1"
python-versions = "^3.8"
content-hash = "8983e542412a153a653e8d3d26dc466a1b2c1218be50dfcfe3e6f11ba0272439"

[metadata.files]
asgiref = []
django = []
fantasy-football-auction = [
    {file = "fantasy_football_auction-0.9.97.tar.gz", hash = "sha256:7bb1ce6d8411e27cdd825a62321f5dc7c1233d2428122710a7520fb51f5dca43"},
]
mindpowered-englishauction = []
mindpowered-maglev = [
    {file = "mindpowered_maglev-0.7.21-py3-none-any.whl", hash = "sha256:f5c45954f0b5262eba05afe63f02e53da595644cd20e64b692fca05c63c583ca"},
]
pytz = []
sqlparse = []
